
Microsoft Visual Studio Solution File, Format Version 12.00
# Visual Studio Version 16
VisualStudioVersion = 16.0.31005.135
MinimumVisualStudioVersion = 10.0.40219.1
Project("{9A19103F-16F7-4668-BE54-9A1E7A4F7556}") = "Serialization.POC", "Serialization.POC\Serialization.POC.csproj", "{771AC632-1815-459B-BFE9-5BCAFC667212}"
EndProject
Project("{FAE04EC0-301F-11D3-BF4B-00C04F79EFBC}") = "Serialization.Playground", "Serialization.Playground\Serialization.Playground.csproj", "{98CFBCB5-0156-43F8-A347-438B382D7A03}"
EndProject
Project("{FAE04EC0-301F-11D3-BF4B-00C04F79EFBC}") = "Serialization.CustomConverter", "Serialization.CustomConverter\Serialization.CustomConverter.csproj", "{15B3D174-F651-4751-B529-207AD91ED1EB}"
EndProject
Global
	GlobalSection(SolutionConfigurationPlatforms) = preSolution
		Debug|Any CPU = Debug|Any CPU
		Release|Any CPU = Release|Any CPU
	EndGlobalSection
	GlobalSection(ProjectConfigurationPlatforms) = postSolution
		{771AC632-1815-459B-BFE9-5BCAFC667212}.Debug|Any CPU.ActiveCfg = Debug|Any CPU
		{771AC632-1815-459B-BFE9-5BCAFC667212}.Debug|Any CPU.Build.0 = Debug|Any CPU
		{771AC632-1815-459B-BFE9-5BCAFC667212}.Release|Any CPU.ActiveCfg = Release|Any CPU
		{771AC632-1815-459B-BFE9-5BCAFC667212}.Release|Any CPU.Build.0 = Release|Any CPU
		{98CFBCB5-0156-43F8-A347-438B382D7A03}.Debug|Any CPU.ActiveCfg = Debug|Any CPU
		{98CFBCB5-0156-43F8-A347-438B382D7A03}.Debug|Any CPU.Build.0 = Debug|Any CPU
		{98CFBCB5-0156-43F8-A347-438B382D7A03}.Release|Any CPU.ActiveCfg = Release|Any CPU
		{98CFBCB5-0156-43F8-A347-438B382D7A03}.Release|Any CPU.Build.0 = Release|Any CPU
		{15B3D174-F651-4751-B529-207AD91ED1EB}.Debug|Any CPU.ActiveCfg = Debug|Any CPU
		{15B3D174-F651-4751-B529-207AD91ED1EB}.Debug|Any CPU.Build.0 = Debug|Any CPU
		{15B3D174-F651-4751-B529-207AD91ED1EB}.Release|Any CPU.ActiveCfg = Release|Any CPU
		{15B3D174-F651-4751-B529-207AD91ED1EB}.Release|Any CPU.Build.0 = Release|Any CPU
	EndGlobalSection
	GlobalSection(SolutionProperties) = preSolution
		HideSolutionNode = FALSE
	EndGlobalSection
	GlobalSection(ExtensibilityGlobals) = postSolution
		SolutionGuid = {502C95CA-C683-4942-A005-C460B5391F1C}
	EndGlobalSection
EndGlobal
